
Microsoft Visual Studio Solution File, Format Version 12.00
# Visual Studio 15
VisualStudioVersion = 15.0.28307.329
MinimumVisualStudioVersion = 10.0.40219.1
Project("{FAE04EC0-301F-11D3-BF4B-00C04F79EFBC}") = "PR2", "PR2\PR2.csproj", "{69A7204E-CAC8-4436-BFDD-E89703CA47BD}"
EndProject
Global
	GlobalSection(SolutionConfigurationPlatforms) = preSolution
		Debug|Any CPU = Debug|Any CPU
		Release|Any CPU = Release|Any CPU
	EndGlobalSection
	GlobalSection(ProjectConfigurationPlatforms) = postSolution
		{69A7204E-CAC8-4436-BFDD-E89703CA47BD}.Debug|Any CPU.ActiveCfg = Debug|Any CPU
		{69A7204E-CAC8-4436-BFDD-E89703CA47BD}.Debug|Any CPU.Build.0 = Debug|Any CPU
		{69A7204E-CAC8-4436-BFDD-E89703CA47BD}.Release|Any CPU.ActiveCfg = Release|Any CPU
		{69A7204E-CAC8-4436-BFDD-E89703CA47BD}.Release|Any CPU.Build.0 = Release|Any CPU
	EndGlobalSection
	GlobalSection(SolutionProperties) = preSolution
		HideSolutionNode = FALSE
	EndGlobalSection
	GlobalSection(ExtensibilityGlobals) = postSolution
		SolutionGuid = {51686AF4-CD31-4AA3-98CE-9213517170EF}
	EndGlobalSection
EndGlobal
