
Microsoft Visual Studio Solution File, Format Version 12.00
# Visual Studio Version 17
VisualStudioVersion = 17.0.32126.317
MinimumVisualStudioVersion = 10.0.40219.1
Project("{FAE04EC0-301F-11D3-BF4B-00C04F79EFBC}") = "пр17", "пр17\пр17.csproj", "{7A964471-6E47-48CD-B93C-D5D444B2AEF4}"
EndProject
Global
	GlobalSection(SolutionConfigurationPlatforms) = preSolution
		Debug|Any CPU = Debug|Any CPU
		Release|Any CPU = Release|Any CPU
	EndGlobalSection
	GlobalSection(ProjectConfigurationPlatforms) = postSolution
		{7A964471-6E47-48CD-B93C-D5D444B2AEF4}.Debug|Any CPU.ActiveCfg = Debug|Any CPU
		{7A964471-6E47-48CD-B93C-D5D444B2AEF4}.Debug|Any CPU.Build.0 = Debug|Any CPU
		{7A964471-6E47-48CD-B93C-D5D444B2AEF4}.Release|Any CPU.ActiveCfg = Release|Any CPU
		{7A964471-6E47-48CD-B93C-D5D444B2AEF4}.Release|Any CPU.Build.0 = Release|Any CPU
	EndGlobalSection
	GlobalSection(SolutionProperties) = preSolution
		HideSolutionNode = FALSE
	EndGlobalSection
	GlobalSection(ExtensibilityGlobals) = postSolution
		SolutionGuid = {1A00605D-6DA2-4312-9EDC-80E2B2366F9D}
	EndGlobalSection
EndGlobal
